
Microsoft Visual Studio Solution File, Format Version 11.00
# Visual C++ Express 2010
Project("{8BC9CEB8-8B4A-11D0-8D11-00A0C91BC942}") = "HW05_dadoskbm", "HW05_dadoskbm\HW05_dadoskbm.vcxproj", "{06D3CEAF-F15F-4690-9884-013F7428F1D6}"
EndProject
Global
	GlobalSection(SolutionConfigurationPlatforms) = preSolution
		Debug|Win32 = Debug|Win32
		Release|Win32 = Release|Win32
	EndGlobalSection
	GlobalSection(ProjectConfigurationPlatforms) = postSolution
		{06D3CEAF-F15F-4690-9884-013F7428F1D6}.Debug|Win32.ActiveCfg = Debug|Win32
		{06D3CEAF-F15F-4690-9884-013F7428F1D6}.Debug|Win32.Build.0 = Debug|Win32
		{06D3CEAF-F15F-4690-9884-013F7428F1D6}.Release|Win32.ActiveCfg = Release|Win32
		{06D3CEAF-F15F-4690-9884-013F7428F1D6}.Release|Win32.Build.0 = Release|Win32
	EndGlobalSection
	GlobalSection(SolutionProperties) = preSolution
		HideSolutionNode = FALSE
	EndGlobalSection
EndGlobal
